// !$*UTF8*$!
{
	archiveVersion = 1;
	classes = {
	};
	objectVersion = 55;
	objects = {

/* Begin PBXBuildFile section */
		E117912C2832C8B600AA7BF2 /* LearningApp.swift in Sources */ = {isa = PBXBuildFile; fileRef = E117912B2832C8B600AA7BF2 /* LearningApp.swift */; };
		E117912E2832C8B600AA7BF2 /* HomeView.swift in Sources */ = {isa = PBXBuildFile; fileRef = E117912D2832C8B600AA7BF2 /* HomeView.swift */; };
		E11791302832C8C100AA7BF2 /* Assets.xcassets in Resources */ = {isa = PBXBuildFile; fileRef = E117912F2832C8C100AA7BF2 /* Assets.xcassets */; };
		E11791332832C8C100AA7BF2 /* Preview Assets.xcassets in Resources */ = {isa = PBXBuildFile; fileRef = E11791322832C8C100AA7BF2 /* Preview Assets.xcassets */; };
		E117913F2832C9D900AA7BF2 /* ContentModel.swift in Sources */ = {isa = PBXBuildFile; fileRef = E117913E2832C9D900AA7BF2 /* ContentModel.swift */; };
		E11791482832D45800AA7BF2 /* data.json in Resources */ = {isa = PBXBuildFile; fileRef = E11791462832D45800AA7BF2 /* data.json */; };
		E11791492832D45800AA7BF2 /* style.html in Resources */ = {isa = PBXBuildFile; fileRef = E11791472832D45800AA7BF2 /* style.html */; };
		E117914B2832D5AD00AA7BF2 /* Models.swift in Sources */ = {isa = PBXBuildFile; fileRef = E117914A2832D5AD00AA7BF2 /* Models.swift */; };
		E142DBA82833660C00CA9E4F /* HomeViewRow.swift in Sources */ = {isa = PBXBuildFile; fileRef = E142DBA72833660C00CA9E4F /* HomeViewRow.swift */; };
		E142DBAA2835585E00CA9E4F /* ContentView.swift in Sources */ = {isa = PBXBuildFile; fileRef = E142DBA92835585E00CA9E4F /* ContentView.swift */; };
		E142DBAC28355F8000CA9E4F /* ContentViewRow.swift in Sources */ = {isa = PBXBuildFile; fileRef = E142DBAB28355F8000CA9E4F /* ContentViewRow.swift */; };
/* End PBXBuildFile section */

/* Begin PBXFileReference section */
		E11791282832C8B600AA7BF2 /* LearningApp.app */ = {isa = PBXFileReference; explicitFileType = wrapper.application; includeInIndex = 0; path = LearningApp.app; sourceTree = BUILT_PRODUCTS_DIR; };
		E117912B2832C8B600AA7BF2 /* LearningApp.swift */ = {isa = PBXFileReference; lastKnownFileType = sourcecode.swift; path = LearningApp.swift; sourceTree = "<group>"; };
		E117912D2832C8B600AA7BF2 /* HomeView.swift */ = {isa = PBXFileReference; lastKnownFileType = sourcecode.swift; path = HomeView.swift; sourceTree = "<group>"; };
		E117912F2832C8C100AA7BF2 /* Assets.xcassets */ = {isa = PBXFileReference; lastKnownFileType = folder.assetcatalog; path = Assets.xcassets; sourceTree = "<group>"; };
		E11791322832C8C100AA7BF2 /* Preview Assets.xcassets */ = {isa = PBXFileReference; lastKnownFileType = folder.assetcatalog; path = "Preview Assets.xcassets"; sourceTree = "<group>"; };
		E117913E2832C9D900AA7BF2 /* ContentModel.swift */ = {isa = PBXFileReference; lastKnownFileType = sourcecode.swift; path = ContentModel.swift; sourceTree = "<group>"; };
		E11791462832D45800AA7BF2 /* data.json */ = {isa = PBXFileReference; fileEncoding = 4; lastKnownFileType = text.json; path = data.json; sourceTree = "<group>"; };
		E11791472832D45800AA7BF2 /* style.html */ = {isa = PBXFileReference; fileEncoding = 4; lastKnownFileType = text.html; path = style.html; sourceTree = "<group>"; };
		E117914A2832D5AD00AA7BF2 /* Models.swift */ = {isa = PBXFileReference; lastKnownFileType = sourcecode.swift; path = Models.swift; sourceTree = "<group>"; };
		E142DBA72833660C00CA9E4F /* HomeViewRow.swift */ = {isa = PBXFileReference; lastKnownFileType = sourcecode.swift; path = HomeViewRow.swift; sourceTree = "<group>"; };
		E142DBA92835585E00CA9E4F /* ContentView.swift */ = {isa = PBXFileReference; lastKnownFileType = sourcecode.swift; path = ContentView.swift; sourceTree = "<group>"; };
		E142DBAB28355F8000CA9E4F /* ContentViewRow.swift */ = {isa = PBXFileReference; lastKnownFileType = sourcecode.swift; path = ContentViewRow.swift; sourceTree = "<group>"; };
/* End PBXFileReference section */

/* Begin PBXFrameworksBuildPhase section */
		E11791252832C8B600AA7BF2 /* Frameworks */ = {
			isa = PBXFrameworksBuildPhase;
			buildActionMask = 2147483647;
			files = (
			);
			runOnlyForDeploymentPostprocessing = 0;
		};
/* End PBXFrameworksBuildPhase section */

/* Begin PBXGroup section */
		E117911F2832C8B600AA7BF2 = {
			isa = PBXGroup;
			children = (
				E117912A2832C8B600AA7BF2 /* LearningApp */,
				E11791292832C8B600AA7BF2 /* Products */,
			);
			sourceTree = "<group>";
		};
		E11791292832C8B600AA7BF2 /* Products */ = {
			isa = PBXGroup;
			children = (
				E11791282832C8B600AA7BF2 /* LearningApp.app */,
			);
			name = Products;
			sourceTree = "<group>";
		};
		E117912A2832C8B600AA7BF2 /* LearningApp */ = {
			isa = PBXGroup;
			children = (
				E117912B2832C8B600AA7BF2 /* LearningApp.swift */,
				E11791392832C94000AA7BF2 /* Views */,
				E117913A2832C94700AA7BF2 /* ViewModels */,
				E117913B2832C94E00AA7BF2 /* Models */,
				E117913C2832C95400AA7BF2 /* Resources */,
				E117913D2832C95D00AA7BF2 /* Helpers */,
				E117912F2832C8C100AA7BF2 /* Assets.xcassets */,
				E11791312832C8C100AA7BF2 /* Preview Content */,
			);
			path = LearningApp;
			sourceTree = "<group>";
		};
		E11791312832C8C100AA7BF2 /* Preview Content */ = {
			isa = PBXGroup;
			children = (
				E11791322832C8C100AA7BF2 /* Preview Assets.xcassets */,
			);
			path = "Preview Content";
			sourceTree = "<group>";
		};
		E11791392832C94000AA7BF2 /* Views */ = {
			isa = PBXGroup;
			children = (
				E117912D2832C8B600AA7BF2 /* HomeView.swift */,
				E142DBA72833660C00CA9E4F /* HomeViewRow.swift */,
				E142DBA92835585E00CA9E4F /* ContentView.swift */,
				E142DBAB28355F8000CA9E4F /* ContentViewRow.swift */,
			);
			path = Views;
			sourceTree = "<group>";
		};
		E117913A2832C94700AA7BF2 /* ViewModels */ = {
			isa = PBXGroup;
			children = (
				E117913E2832C9D900AA7BF2 /* ContentModel.swift */,
			);
			path = ViewModels;
			sourceTree = "<group>";
		};
		E117913B2832C94E00AA7BF2 /* Models */ = {
			isa = PBXGroup;
			children = (
				E117914A2832D5AD00AA7BF2 /* Models.swift */,
			);
			path = Models;
			sourceTree = "<group>";
		};
		E117913C2832C95400AA7BF2 /* Resources */ = {
			isa = PBXGroup;
			children = (
				E11791462832D45800AA7BF2 /* data.json */,
				E11791472832D45800AA7BF2 /* style.html */,
			);
			path = Resources;
			sourceTree = "<group>";
		};
		E117913D2832C95D00AA7BF2 /* Helpers */ = {
			isa = PBXGroup;
			children = (
			);
			path = Helpers;
			sourceTree = "<group>";
		};
/* End PBXGroup section */

/* Begin PBXNativeTarget section */
		E11791272832C8B600AA7BF2 /* LearningApp */ = {
			isa = PBXNativeTarget;
			buildConfigurationList = E11791362832C8C100AA7BF2 /* Build configuration list for PBXNativeTarget "LearningApp" */;
			buildPhases = (
				E11791242832C8B600AA7BF2 /* Sources */,
				E11791252832C8B600AA7BF2 /* Frameworks */,
				E11791262832C8B600AA7BF2 /* Resources */,
			);
			buildRules = (
			);
			dependencies = (
			);
			name = LearningApp;
			productName = LearningApp;
			productReference = E11791282832C8B600AA7BF2 /* LearningApp.app */;
			productType = "com.apple.product-type.application";
		};
/* End PBXNativeTarget section */

/* Begin PBXProject section */
		E11791202832C8B600AA7BF2 /* Project object */ = {
			isa = PBXProject;
			attributes = {
				BuildIndependentTargetsInParallel = 1;
				LastSwiftUpdateCheck = 1330;
				LastUpgradeCheck = 1330;
				TargetAttributes = {
					E11791272832C8B600AA7BF2 = {
						CreatedOnToolsVersion = 13.3.1;
					};
				};
			};
			buildConfigurationList = E11791232832C8B600AA7BF2 /* Build configuration list for PBXProject "LearningApp" */;
			compatibilityVersion = "Xcode 13.0";
			developmentRegion = en;
			hasScannedForEncodings = 0;
			knownRegions = (
				en,
				Base,
			);
			mainGroup = E117911F2832C8B600AA7BF2;
			productRefGroup = E11791292832C8B600AA7BF2 /* Products */;
			projectDirPath = "";
			projectRoot = "";
			targets = (
				E11791272832C8B600AA7BF2 /* LearningApp */,
			);
		};
/* End PBXProject section */

/* Begin PBXResourcesBuildPhase section */
		E11791262832C8B600AA7BF2 /* Resources */ = {
			isa = PBXResourcesBuildPhase;
			buildActionMask = 2147483647;
			files = (
				E11791332832C8C100AA7BF2 /* Preview Assets.xcassets in Resources */,
				E11791482832D45800AA7BF2 /* data.json in Resources */,
				E11791492832D45800AA7BF2 /* style.html in Resources */,
				E11791302832C8C100AA7BF2 /* Assets.xcassets in Resources */,
			);
			runOnlyForDeploymentPostprocessing = 0;
		};
/* End PBXResourcesBuildPhase section */

/* Begin PBXSourcesBuildPhase section */
		E11791242832C8B600AA7BF2 /* Sources */ = {
			isa = PBXSourcesBuildPhase;
			buildActionMask = 2147483647;
			files = (
				E117912E2832C8B600AA7BF2 /* HomeView.swift in Sources */,
				E142DBA82833660C00CA9E4F /* HomeViewRow.swift in Sources */,
				E142DBAA2835585E00CA9E4F /* ContentView.swift in Sources */,
				E117912C2832C8B600AA7BF2 /* LearningApp.swift in Sources */,
				E142DBAC28355F8000CA9E4F /* ContentViewRow.swift in Sources */,
				E117913F2832C9D900AA7BF2 /* ContentModel.swift in Sources */,
				E117914B2832D5AD00AA7BF2 /* Models.swift in Sources */,
			);
			runOnlyForDeploymentPostprocessing = 0;
		};
/* End PBXSourcesBuildPhase section */

/* Begin XCBuildConfiguration section */
		E11791342832C8C100AA7BF2 /* Debug */ = {
			isa = XCBuildConfiguration;
			buildSettings = {
				ALWAYS_SEARCH_USER_PATHS = NO;
				CLANG_ANALYZER_NONNULL = YES;
				CLANG_ANALYZER_NUMBER_OBJECT_CONVERSION = YES_AGGRESSIVE;
				CLANG_CXX_LANGUAGE_STANDARD = "gnu++17";
				CLANG_ENABLE_MODULES = YES;
				CLANG_ENABLE_OBJC_ARC = YES;
				CLANG_ENABLE_OBJC_WEAK = YES;
				CLANG_WARN_BLOCK_CAPTURE_AUTORELEASING = YES;
				CLANG_WARN_BOOL_CONVERSION = YES;
				CLANG_WARN_COMMA = YES;
				CLANG_WARN_CONSTANT_CONVERSION = YES;
				CLANG_WARN_DEPRECATED_OBJC_IMPLEMENTATIONS = YES;
				CLANG_WARN_DIRECT_OBJC_ISA_USAGE = YES_ERROR;
				CLANG_WARN_DOCUMENTATION_COMMENTS = YES;
				CLANG_WARN_EMPTY_BODY = YES;
				CLANG_WARN_ENUM_CONVERSION = YES;
				CLANG_WARN_INFINITE_RECURSION = YES;
				CLANG_WARN_INT_CONVERSION = YES;
				CLANG_WARN_NON_LITERAL_NULL_CONVERSION = YES;
				CLANG_WARN_OBJC_IMPLICIT_RETAIN_SELF = YES;
				CLANG_WARN_OBJC_LITERAL_CONVERSION = YES;
				CLANG_WARN_OBJC_ROOT_CLASS = YES_ERROR;
				CLANG_WARN_QUOTED_INCLUDE_IN_FRAMEWORK_HEADER = YES;
				CLANG_WARN_RANGE_LOOP_ANALYSIS = YES;
				CLANG_WARN_STRICT_PROTOTYPES = YES;
				CLANG_WARN_SUSPICIOUS_MOVE = YES;
				CLANG_WARN_UNGUARDED_AVAILABILITY = YES_AGGRESSIVE;
				CLANG_WARN_UNREACHABLE_CODE = YES;
				CLANG_WARN__DUPLICATE_METHOD_MATCH = YES;
				COPY_PHASE_STRIP = NO;
				DEBUG_INFORMATION_FORMAT = dwarf;
				ENABLE_STRICT_OBJC_MSGSEND = YES;
				ENABLE_TESTABILITY = YES;
				GCC_C_LANGUAGE_STANDARD = gnu11;
				GCC_DYNAMIC_NO_PIC = NO;
				GCC_NO_COMMON_BLOCKS = YES;
				GCC_OPTIMIZATION_LEVEL = 0;
				GCC_PREPROCESSOR_DEFINITIONS = (
					"DEBUG=1",
					"$(inherited)",
				);
				GCC_WARN_64_TO_32_BIT_CONVERSION = YES;
				GCC_WARN_ABOUT_RETURN_TYPE = YES_ERROR;
				GCC_WARN_UNDECLARED_SELECTOR = YES;
				GCC_WARN_UNINITIALIZED_AUTOS = YES_AGGRESSIVE;
				GCC_WARN_UNUSED_FUNCTION = YES;
				GCC_WARN_UNUSED_VARIABLE = YES;
				IPHONEOS_DEPLOYMENT_TARGET = 15.4;
				MTL_ENABLE_DEBUG_INFO = INCLUDE_SOURCE;
				MTL_FAST_MATH = YES;
				ONLY_ACTIVE_ARCH = YES;
				SDKROOT = iphoneos;
				SWIFT_ACTIVE_COMPILATION_CONDITIONS = DEBUG;
				SWIFT_OPTIMIZATION_LEVEL = "-Onone";
			};
			name = Debug;
		};
		E11791352832C8C100AA7BF2 /* Release */ = {
			isa = XCBuildConfiguration;
			buildSettings = {
				ALWAYS_SEARCH_USER_PATHS = NO;
				CLANG_ANALYZER_NONNULL = YES;
				CLANG_ANALYZER_NUMBER_OBJECT_CONVERSION = YES_AGGRESSIVE;
				CLANG_CXX_LANGUAGE_STANDARD = "gnu++17";
				CLANG_ENABLE_MODULES = YES;
				CLANG_ENABLE_OBJC_ARC = YES;
				CLANG_ENABLE_OBJC_WEAK = YES;
				CLANG_WARN_BLOCK_CAPTURE_AUTORELEASING = YES;
				CLANG_WARN_BOOL_CONVERSION = YES;
				CLANG_WARN_COMMA = YES;
				CLANG_WARN_CONSTANT_CONVERSION = YES;
				CLANG_WARN_DEPRECATED_OBJC_IMPLEMENTATIONS = YES;
				CLANG_WARN_DIRECT_OBJC_ISA_USAGE = YES_ERROR;
				CLANG_WARN_DOCUMENTATION_COMMENTS = YES;
				CLANG_WARN_EMPTY_BODY = YES;
				CLANG_WARN_ENUM_CONVERSION = YES;
				CLANG_WARN_INFINITE_RECURSION = YES;
				CLANG_WARN_INT_CONVERSION = YES;
				CLANG_WARN_NON_LITERAL_NULL_CONVERSION = YES;
				CLANG_WARN_OBJC_IMPLICIT_RETAIN_SELF = YES;
				CLANG_WARN_OBJC_LITERAL_CONVERSION = YES;
				CLANG_WARN_OBJC_ROOT_CLASS = YES_ERROR;
				CLANG_WARN_QUOTED_INCLUDE_IN_FRAMEWORK_HEADER = YES;
				CLANG_WARN_RANGE_LOOP_ANALYSIS = YES;
				CLANG_WARN_STRICT_PROTOTYPES = YES;
				CLANG_WARN_SUSPICIOUS_MOVE = YES;
				CLANG_WARN_UNGUARDED_AVAILABILITY = YES_AGGRESSIVE;
				CLANG_WARN_UNREACHABLE_CODE = YES;
				CLANG_WARN__DUPLICATE_METHOD_MATCH = YES;
				COPY_PHASE_STRIP = NO;
				DEBUG_INFORMATION_FORMAT = "dwarf-with-dsym";
				ENABLE_NS_ASSERTIONS = NO;
				ENABLE_STRICT_OBJC_MSGSEND = YES;
				GCC_C_LANGUAGE_STANDARD = gnu11;
				GCC_NO_COMMON_BLOCKS = YES;
				GCC_WARN_64_TO_32_BIT_CONVERSION = YES;
				GCC_WARN_ABOUT_RETURN_TYPE = YES_ERROR;
				GCC_WARN_UNDECLARED_SELECTOR = YES;
				GCC_WARN_UNINITIALIZED_AUTOS = YES_AGGRESSIVE;
				GCC_WARN_UNUSED_FUNCTION = YES;
				GCC_WARN_UNUSED_VARIABLE = YES;
				IPHONEOS_DEPLOYMENT_TARGET = 15.4;
				MTL_ENABLE_DEBUG_INFO = NO;
				MTL_FAST_MATH = YES;
				SDKROOT = iphoneos;
				SWIFT_COMPILATION_MODE = wholemodule;
				SWIFT_OPTIMIZATION_LEVEL = "-O";
				VALIDATE_PRODUCT = YES;
			};
			name = Release;
		};
		E11791372832C8C100AA7BF2 /* Debug */ = {
			isa = XCBuildConfiguration;
			buildSettings = {
				ASSETCATALOG_COMPILER_APPICON_NAME = AppIcon;
				ASSETCATALOG_COMPILER_GLOBAL_ACCENT_COLOR_NAME = AccentColor;
				CODE_SIGN_STYLE = Automatic;
				CURRENT_PROJECT_VERSION = 1;
				DEVELOPMENT_ASSET_PATHS = "\"LearningApp/Preview Content\"";
				ENABLE_PREVIEWS = YES;
				GENERATE_INFOPLIST_FILE = YES;
				INFOPLIST_KEY_UIApplicationSceneManifest_Generation = YES;
				INFOPLIST_KEY_UIApplicationSupportsIndirectInputEvents = YES;
				INFOPLIST_KEY_UILaunchScreen_Generation = YES;
				INFOPLIST_KEY_UISupportedInterfaceOrientations_iPad = "UIInterfaceOrientationPortrait UIInterfaceOrientationPortraitUpsideDown UIInterfaceOrientationLandscapeLeft UIInterfaceOrientationLandscapeRight";
				INFOPLIST_KEY_UISupportedInterfaceOrientations_iPhone = "UIInterfaceOrientationPortrait UIInterfaceOrientationLandscapeLeft UIInterfaceOrientationLandscapeRight";
				LD_RUNPATH_SEARCH_PATHS = (
					"$(inherited)",
					"@executable_path/Frameworks",
				);
				MARKETING_VERSION = 1.0;
				PRODUCT_BUNDLE_IDENTIFIER = tutorials.LearningApp;
				PRODUCT_NAME = "$(TARGET_NAME)";
				SWIFT_EMIT_LOC_STRINGS = YES;
				SWIFT_VERSION = 5.0;
				TARGETED_DEVICE_FAMILY = "1,2";
			};
			name = Debug;
		};
		E11791382832C8C100AA7BF2 /* Release */ = {
			isa = XCBuildConfiguration;
			buildSettings = {
				ASSETCATALOG_COMPILER_APPICON_NAME = AppIcon;
				ASSETCATALOG_COMPILER_GLOBAL_ACCENT_COLOR_NAME = AccentColor;
				CODE_SIGN_STYLE = Automatic;
				CURRENT_PROJECT_VERSION = 1;
				DEVELOPMENT_ASSET_PATHS = "\"LearningApp/Preview Content\"";
				ENABLE_PREVIEWS = YES;
				GENERATE_INFOPLIST_FILE = YES;
				INFOPLIST_KEY_UIApplicationSceneManifest_Generation = YES;
				INFOPLIST_KEY_UIApplicationSupportsIndirectInputEvents = YES;
				INFOPLIST_KEY_UILaunchScreen_Generation = YES;
				INFOPLIST_KEY_UISupportedInterfaceOrientations_iPad = "UIInterfaceOrientationPortrait UIInterfaceOrientationPortraitUpsideDown UIInterfaceOrientationLandscapeLeft UIInterfaceOrientationLandscapeRight";
				INFOPLIST_KEY_UISupportedInterfaceOrientations_iPhone = "UIInterfaceOrientationPortrait UIInterfaceOrientationLandscapeLeft UIInterfaceOrientationLandscapeRight";
				LD_RUNPATH_SEARCH_PATHS = (
					"$(inherited)",
					"@executable_path/Frameworks",
				);
				MARKETING_VERSION = 1.0;
				PRODUCT_BUNDLE_IDENTIFIER = tutorials.LearningApp;
				PRODUCT_NAME = "$(TARGET_NAME)";
				SWIFT_EMIT_LOC_STRINGS = YES;
				SWIFT_VERSION = 5.0;
				TARGETED_DEVICE_FAMILY = "1,2";
			};
			name = Release;
		};
/* End XCBuildConfiguration section */

/* Begin XCConfigurationList section */
		E11791232832C8B600AA7BF2 /* Build configuration list for PBXProject "LearningApp" */ = {
			isa = XCConfigurationList;
			buildConfigurations = (
				E11791342832C8C100AA7BF2 /* Debug */,
				E11791352832C8C100AA7BF2 /* Release */,
			);
			defaultConfigurationIsVisible = 0;
			defaultConfigurationName = Release;
		};
		E11791362832C8C100AA7BF2 /* Build configuration list for PBXNativeTarget "LearningApp" */ = {
			isa = XCConfigurationList;
			buildConfigurations = (
				E11791372832C8C100AA7BF2 /* Debug */,
				E11791382832C8C100AA7BF2 /* Release */,
			);
			defaultConfigurationIsVisible = 0;
			defaultConfigurationName = Release;
		};
/* End XCConfigurationList section */
	};
	rootObject = E11791202832C8B600AA7BF2 /* Project object */;
}
